
Microsoft Visual Studio Solution File, Format Version 12.00
Project("{2150E333-8FDC-42A3-9474-1A3956D46DE8}") = "Source", "Source", "{A3747BCB-730A-4949-8A20-83156369DACE}"
EndProject
Project("{2150E333-8FDC-42A3-9474-1A3956D46DE8}") = "Test", "Test", "{1728E04B-35EF-412C-88AE-E097285A4B72}"
EndProject
Project("{2150E333-8FDC-42A3-9474-1A3956D46DE8}") = "Core", "Core", "{1B425F56-26A9-4CE6-BFCB-0236D241CF66}"
EndProject
Project("{2150E333-8FDC-42A3-9474-1A3956D46DE8}") = "UI", "UI", "{5B577662-10FA-42AC-A2F9-AB88FB77DE59}"
EndProject
Project("{2150E333-8FDC-42A3-9474-1A3956D46DE8}") = "Infrastructure", "Infrastructure", "{ACE26390-5D93-4BE4-AF85-F3F745205893}"
EndProject
Project("{2150E333-8FDC-42A3-9474-1A3956D46DE8}") = "Core", "Core", "{30584CF7-F46D-44F6-89BB-217EDF3C23B1}"
EndProject
Project("{2150E333-8FDC-42A3-9474-1A3956D46DE8}") = "Infrastructure", "Infrastructure", "{97CE6721-4FD5-4535-9C31-561381E23F4E}"
EndProject
Project("{2150E333-8FDC-42A3-9474-1A3956D46DE8}") = "UI", "UI", "{57492C27-0AD1-4ECA-A2A5-1F8B7B9832C0}"
EndProject
Project("{FAE04EC0-301F-11D3-BF4B-00C04F79EFBC}") = "SeahawkSaverFrontend.UI", "Source\UI\SeahawkSaverFrontend.UI\SeahawkSaverFrontend.UI.csproj", "{D7ADD23E-D348-427C-AD0A-3B8991319A5C}"
EndProject
Project("{FAE04EC0-301F-11D3-BF4B-00C04F79EFBC}") = "SeahawkSaverFrontend.Application", "Source\Core\SeahawkSaverFrontend.Application\SeahawkSaverFrontend.Application.csproj", "{73A2E368-4239-4345-A411-FA4A9EF2CE1D}"
EndProject
Project("{FAE04EC0-301F-11D3-BF4B-00C04F79EFBC}") = "SeahawkSaverFrontend.Domain", "Source\Core\SeahawkSaverFrontend.Domain\SeahawkSaverFrontend.Domain.csproj", "{86E33265-569F-4A80-88CA-9647A90F9B26}"
EndProject
Project("{FAE04EC0-301F-11D3-BF4B-00C04F79EFBC}") = "SeahawkSaverFrontend.Application.UnitTest", "Test\Core\SeahawkSaverFrontend.Application.UnitTest\SeahawkSaverFrontend.Application.UnitTest.csproj", "{9F870995-A7E6-491B-9EC1-B3A046F286B5}"
EndProject
Project("{FAE04EC0-301F-11D3-BF4B-00C04F79EFBC}") = "SeahawkSaverFrontend.Domain.UnitTest", "Test\Core\SeahawkSaverFrontend.Domain.UnitTest\SeahawkSaverFrontend.Domain.UnitTest.csproj", "{D0F29F2B-E794-4426-A217-9CAF313C8331}"
EndProject
Project("{FAE04EC0-301F-11D3-BF4B-00C04F79EFBC}") = "SeahawkSaverFrontend.UI.UnitTest", "Test\UI\SeahawkSaverFrontend.UI.UnitTest\SeahawkSaverFrontend.UI.UnitTest.csproj", "{598C3075-9422-4A17-BF9F-D493A5C5A689}"
EndProject
Project("{FAE04EC0-301F-11D3-BF4B-00C04F79EFBC}") = "SeahawkSaverFrontend.UI.IntegrationTest", "Test\UI\SeahawkSaverFrontend.UI.IntegrationTest\SeahawkSaverFrontend.UI.IntegrationTest.csproj", "{10D901B0-2CFB-405B-8F95-BA827F8EF9E7}"
EndProject
Project("{FAE04EC0-301F-11D3-BF4B-00C04F79EFBC}") = "SeahawkSaverFrontend.UI.EndToEndTest", "Test\UI\SeahawkSaverFrontend.UI.EndToEndTest\SeahawkSaverFrontend.UI.EndToEndTest.csproj", "{DF9A5CCB-E9AF-4B8E-A6A2-6B5CD93F4718}"
EndProject
Global
	GlobalSection(SolutionConfigurationPlatforms) = preSolution
		Debug|Any CPU = Debug|Any CPU
		Release|Any CPU = Release|Any CPU
	EndGlobalSection
	GlobalSection(NestedProjects) = preSolution
		{1B425F56-26A9-4CE6-BFCB-0236D241CF66} = {A3747BCB-730A-4949-8A20-83156369DACE}
		{5B577662-10FA-42AC-A2F9-AB88FB77DE59} = {A3747BCB-730A-4949-8A20-83156369DACE}
		{ACE26390-5D93-4BE4-AF85-F3F745205893} = {A3747BCB-730A-4949-8A20-83156369DACE}
		{30584CF7-F46D-44F6-89BB-217EDF3C23B1} = {1728E04B-35EF-412C-88AE-E097285A4B72}
		{97CE6721-4FD5-4535-9C31-561381E23F4E} = {1728E04B-35EF-412C-88AE-E097285A4B72}
		{57492C27-0AD1-4ECA-A2A5-1F8B7B9832C0} = {1728E04B-35EF-412C-88AE-E097285A4B72}
		{D7ADD23E-D348-427C-AD0A-3B8991319A5C} = {5B577662-10FA-42AC-A2F9-AB88FB77DE59}
		{73A2E368-4239-4345-A411-FA4A9EF2CE1D} = {1B425F56-26A9-4CE6-BFCB-0236D241CF66}
		{86E33265-569F-4A80-88CA-9647A90F9B26} = {1B425F56-26A9-4CE6-BFCB-0236D241CF66}
		{9F870995-A7E6-491B-9EC1-B3A046F286B5} = {30584CF7-F46D-44F6-89BB-217EDF3C23B1}
		{D0F29F2B-E794-4426-A217-9CAF313C8331} = {30584CF7-F46D-44F6-89BB-217EDF3C23B1}
		{598C3075-9422-4A17-BF9F-D493A5C5A689} = {57492C27-0AD1-4ECA-A2A5-1F8B7B9832C0}
		{10D901B0-2CFB-405B-8F95-BA827F8EF9E7} = {57492C27-0AD1-4ECA-A2A5-1F8B7B9832C0}
		{DF9A5CCB-E9AF-4B8E-A6A2-6B5CD93F4718} = {57492C27-0AD1-4ECA-A2A5-1F8B7B9832C0}
	EndGlobalSection
	GlobalSection(ProjectConfigurationPlatforms) = postSolution
		{D7ADD23E-D348-427C-AD0A-3B8991319A5C}.Debug|Any CPU.ActiveCfg = Debug|Any CPU
		{D7ADD23E-D348-427C-AD0A-3B8991319A5C}.Debug|Any CPU.Build.0 = Debug|Any CPU
		{D7ADD23E-D348-427C-AD0A-3B8991319A5C}.Release|Any CPU.ActiveCfg = Release|Any CPU
		{D7ADD23E-D348-427C-AD0A-3B8991319A5C}.Release|Any CPU.Build.0 = Release|Any CPU
		{73A2E368-4239-4345-A411-FA4A9EF2CE1D}.Debug|Any CPU.ActiveCfg = Debug|Any CPU
		{73A2E368-4239-4345-A411-FA4A9EF2CE1D}.Debug|Any CPU.Build.0 = Debug|Any CPU
		{73A2E368-4239-4345-A411-FA4A9EF2CE1D}.Release|Any CPU.ActiveCfg = Release|Any CPU
		{73A2E368-4239-4345-A411-FA4A9EF2CE1D}.Release|Any CPU.Build.0 = Release|Any CPU
		{86E33265-569F-4A80-88CA-9647A90F9B26}.Debug|Any CPU.ActiveCfg = Debug|Any CPU
		{86E33265-569F-4A80-88CA-9647A90F9B26}.Debug|Any CPU.Build.0 = Debug|Any CPU
		{86E33265-569F-4A80-88CA-9647A90F9B26}.Release|Any CPU.ActiveCfg = Release|Any CPU
		{86E33265-569F-4A80-88CA-9647A90F9B26}.Release|Any CPU.Build.0 = Release|Any CPU
		{9F870995-A7E6-491B-9EC1-B3A046F286B5}.Debug|Any CPU.ActiveCfg = Debug|Any CPU
		{9F870995-A7E6-491B-9EC1-B3A046F286B5}.Debug|Any CPU.Build.0 = Debug|Any CPU
		{9F870995-A7E6-491B-9EC1-B3A046F286B5}.Release|Any CPU.ActiveCfg = Release|Any CPU
		{9F870995-A7E6-491B-9EC1-B3A046F286B5}.Release|Any CPU.Build.0 = Release|Any CPU
		{D0F29F2B-E794-4426-A217-9CAF313C8331}.Debug|Any CPU.ActiveCfg = Debug|Any CPU
		{D0F29F2B-E794-4426-A217-9CAF313C8331}.Debug|Any CPU.Build.0 = Debug|Any CPU
		{D0F29F2B-E794-4426-A217-9CAF313C8331}.Release|Any CPU.ActiveCfg = Release|Any CPU
		{D0F29F2B-E794-4426-A217-9CAF313C8331}.Release|Any CPU.Build.0 = Release|Any CPU
		{598C3075-9422-4A17-BF9F-D493A5C5A689}.Debug|Any CPU.ActiveCfg = Debug|Any CPU
		{598C3075-9422-4A17-BF9F-D493A5C5A689}.Debug|Any CPU.Build.0 = Debug|Any CPU
		{598C3075-9422-4A17-BF9F-D493A5C5A689}.Release|Any CPU.ActiveCfg = Release|Any CPU
		{598C3075-9422-4A17-BF9F-D493A5C5A689}.Release|Any CPU.Build.0 = Release|Any CPU
		{10D901B0-2CFB-405B-8F95-BA827F8EF9E7}.Debug|Any CPU.ActiveCfg = Debug|Any CPU
		{10D901B0-2CFB-405B-8F95-BA827F8EF9E7}.Debug|Any CPU.Build.0 = Debug|Any CPU
		{10D901B0-2CFB-405B-8F95-BA827F8EF9E7}.Release|Any CPU.ActiveCfg = Release|Any CPU
		{10D901B0-2CFB-405B-8F95-BA827F8EF9E7}.Release|Any CPU.Build.0 = Release|Any CPU
		{DF9A5CCB-E9AF-4B8E-A6A2-6B5CD93F4718}.Debug|Any CPU.ActiveCfg = Debug|Any CPU
		{DF9A5CCB-E9AF-4B8E-A6A2-6B5CD93F4718}.Debug|Any CPU.Build.0 = Debug|Any CPU
		{DF9A5CCB-E9AF-4B8E-A6A2-6B5CD93F4718}.Release|Any CPU.ActiveCfg = Release|Any CPU
		{DF9A5CCB-E9AF-4B8E-A6A2-6B5CD93F4718}.Release|Any CPU.Build.0 = Release|Any CPU
	EndGlobalSection
EndGlobal
